
Microsoft Visual Studio Solution File, Format Version 12.00
# Visual Studio Version 17
VisualStudioVersion = 17.0.31912.275
MinimumVisualStudioVersion = 10.0.40219.1
Project("{FAE04EC0-301F-11D3-BF4B-00C04F79EFBC}") = "OneWayTimestampAuthWithMagmaEncryption", "OneWayTimestampAuthWithMagmaEncryption\OneWayTimestampAuthWithMagmaEncryption.csproj", "{8FEBD65D-2961-43A0-A09E-C7B27BC52A6E}"
EndProject
Global
	GlobalSection(SolutionConfigurationPlatforms) = preSolution
		Debug|Any CPU = Debug|Any CPU
		Release|Any CPU = Release|Any CPU
	EndGlobalSection
	GlobalSection(ProjectConfigurationPlatforms) = postSolution
		{8FEBD65D-2961-43A0-A09E-C7B27BC52A6E}.Debug|Any CPU.ActiveCfg = Debug|Any CPU
		{8FEBD65D-2961-43A0-A09E-C7B27BC52A6E}.Debug|Any CPU.Build.0 = Debug|Any CPU
		{8FEBD65D-2961-43A0-A09E-C7B27BC52A6E}.Release|Any CPU.ActiveCfg = Release|Any CPU
		{8FEBD65D-2961-43A0-A09E-C7B27BC52A6E}.Release|Any CPU.Build.0 = Release|Any CPU
	EndGlobalSection
	GlobalSection(SolutionProperties) = preSolution
		HideSolutionNode = FALSE
	EndGlobalSection
	GlobalSection(ExtensibilityGlobals) = postSolution
		SolutionGuid = {0E3B964E-71CC-45CC-9BD2-33BB9080B5AA}
	EndGlobalSection
EndGlobal
